<Solution>
  <Folder Name="/src/">
    <Project Path="src/AppHost/LearnHub.AppHost/LearnHub.AppHost.csproj" />
    <Project Path="src/BuildingBlocks/LearnHub.ServiceDefaults/LearnHub.ServiceDefaults.csproj" />
    <Project Path="src/Services/Catalog/LearnHub.Catalog.Api/LearnHub.Catalog.Api.csproj" />
  </Folder>
  <Folder Name="/tests/">
    <Project Path="tests/Services/Catalog/LearnHub.Catalog.Api.Tests/LearnHub.Catalog.Api.Tests.csproj" />
  </Folder>
</Solution>
